
Microsoft Visual Studio Solution File, Format Version 12.00
# Visual Studio Version 17
VisualStudioVersion = 17.0.32112.339
MinimumVisualStudioVersion = 10.0.40219.1
Project("{9A19103F-16F7-4668-BE54-9A1E7A4F7556}") = "HiddenVilla_Server", "HiddenVilla_Server\HiddenVilla_Server.csproj", "{71004FCF-F5B9-4E10-AE48-3DEC94603037}"
EndProject
Project("{9A19103F-16F7-4668-BE54-9A1E7A4F7556}") = "DataAccess", "DataAccess\DataAccess.csproj", "{B4F441D1-0C4C-403A-81F0-189C8165BAC6}"
EndProject
Project("{9A19103F-16F7-4668-BE54-9A1E7A4F7556}") = "Common", "Common\Common.csproj", "{BFF59B75-6B7A-440F-9038-27733147471B}"
EndProject
Project("{9A19103F-16F7-4668-BE54-9A1E7A4F7556}") = "Business", "Business\Business.csproj", "{3EED698A-8561-42B8-9CDF-444E991D90E7}"
EndProject
Project("{9A19103F-16F7-4668-BE54-9A1E7A4F7556}") = "Models", "Models\Models.csproj", "{F666869A-D1AE-4D04-B6D0-450C02F55271}"
EndProject
Global
	GlobalSection(SolutionConfigurationPlatforms) = preSolution
		Debug|Any CPU = Debug|Any CPU
		Release|Any CPU = Release|Any CPU
	EndGlobalSection
	GlobalSection(ProjectConfigurationPlatforms) = postSolution
		{71004FCF-F5B9-4E10-AE48-3DEC94603037}.Debug|Any CPU.ActiveCfg = Debug|Any CPU
		{71004FCF-F5B9-4E10-AE48-3DEC94603037}.Debug|Any CPU.Build.0 = Debug|Any CPU
		{71004FCF-F5B9-4E10-AE48-3DEC94603037}.Release|Any CPU.ActiveCfg = Release|Any CPU
		{71004FCF-F5B9-4E10-AE48-3DEC94603037}.Release|Any CPU.Build.0 = Release|Any CPU
		{B4F441D1-0C4C-403A-81F0-189C8165BAC6}.Debug|Any CPU.ActiveCfg = Debug|Any CPU
		{B4F441D1-0C4C-403A-81F0-189C8165BAC6}.Debug|Any CPU.Build.0 = Debug|Any CPU
		{B4F441D1-0C4C-403A-81F0-189C8165BAC6}.Release|Any CPU.ActiveCfg = Release|Any CPU
		{B4F441D1-0C4C-403A-81F0-189C8165BAC6}.Release|Any CPU.Build.0 = Release|Any CPU
		{BFF59B75-6B7A-440F-9038-27733147471B}.Debug|Any CPU.ActiveCfg = Debug|Any CPU
		{BFF59B75-6B7A-440F-9038-27733147471B}.Debug|Any CPU.Build.0 = Debug|Any CPU
		{BFF59B75-6B7A-440F-9038-27733147471B}.Release|Any CPU.ActiveCfg = Release|Any CPU
		{BFF59B75-6B7A-440F-9038-27733147471B}.Release|Any CPU.Build.0 = Release|Any CPU
		{3EED698A-8561-42B8-9CDF-444E991D90E7}.Debug|Any CPU.ActiveCfg = Debug|Any CPU
		{3EED698A-8561-42B8-9CDF-444E991D90E7}.Debug|Any CPU.Build.0 = Debug|Any CPU
		{3EED698A-8561-42B8-9CDF-444E991D90E7}.Release|Any CPU.ActiveCfg = Release|Any CPU
		{3EED698A-8561-42B8-9CDF-444E991D90E7}.Release|Any CPU.Build.0 = Release|Any CPU
		{F666869A-D1AE-4D04-B6D0-450C02F55271}.Debug|Any CPU.ActiveCfg = Debug|Any CPU
		{F666869A-D1AE-4D04-B6D0-450C02F55271}.Debug|Any CPU.Build.0 = Debug|Any CPU
		{F666869A-D1AE-4D04-B6D0-450C02F55271}.Release|Any CPU.ActiveCfg = Release|Any CPU
		{F666869A-D1AE-4D04-B6D0-450C02F55271}.Release|Any CPU.Build.0 = Release|Any CPU
	EndGlobalSection
	GlobalSection(SolutionProperties) = preSolution
		HideSolutionNode = FALSE
	EndGlobalSection
	GlobalSection(ExtensibilityGlobals) = postSolution
		SolutionGuid = {06F7F3F3-D66C-4621-B057-068006F6AD57}
	EndGlobalSection
EndGlobal
